// !$*UTF8*$!
{
	archiveVersion = 1;
	classes = {
	};
	objectVersion = 50;
	objects = {

/* Begin PBXBuildFile section */
		17CB504EDFEB336DB3B20879 /* Pods_Taskatyy.framework in Frameworks */ = {isa = PBXBuildFile; fileRef = 7C8FEEFF0849EE14EC75B1BE /* Pods_Taskatyy.framework */; };
		3BDCB7A7F848AD6269FF4344 /* Pods_TaskatyyTests.framework in Frameworks */ = {isa = PBXBuildFile; fileRef = 6816720B0999926E78F71A53 /* Pods_TaskatyyTests.framework */; };
		CE0EA58020A6122400A05DFC /* Icon.xcassets in Resources */ = {isa = PBXBuildFile; fileRef = CE0EA57F20A6122400A05DFC /* Icon.xcassets */; };
		CE163F82208CA3DA007C01A7 /* ShowResultVC.swift in Sources */ = {isa = PBXBuildFile; fileRef = CE163F81208CA3DA007C01A7 /* ShowResultVC.swift */; };
		CE1995B420B8412700A90B09 /* ItemPriorities.swift in Sources */ = {isa = PBXBuildFile; fileRef = CE1995AD20B8412600A90B09 /* ItemPriorities.swift */; };
		CE1995B520B8412700A90B09 /* FilterResultt.swift in Sources */ = {isa = PBXBuildFile; fileRef = CE1995AE20B8412600A90B09 /* FilterResultt.swift */; };
		CE1995B620B8412700A90B09 /* ItemPrograms.swift in Sources */ = {isa = PBXBuildFile; fileRef = CE1995AF20B8412600A90B09 /* ItemPrograms.swift */; };
		CE1995B720B8412700A90B09 /* filterGen.swift in Sources */ = {isa = PBXBuildFile; fileRef = CE1995B020B8412600A90B09 /* filterGen.swift */; };
		CE1995B820B8412700A90B09 /* Itemtypee.swift in Sources */ = {isa = PBXBuildFile; fileRef = CE1995B120B8412600A90B09 /* Itemtypee.swift */; };
		CE1995B920B8412700A90B09 /* Itemusers.swift in Sources */ = {isa = PBXBuildFile; fileRef = CE1995B220B8412700A90B09 /* Itemusers.swift */; };
		CE1995BA20B8412700A90B09 /* Status.swift in Sources */ = {isa = PBXBuildFile; fileRef = CE1995B320B8412700A90B09 /* Status.swift */; };
		CE19A2D620835DF000B686BE /* API.swift in Sources */ = {isa = PBXBuildFile; fileRef = CE19A2D520835DF000B686BE /* API.swift */; };
		CE19A2D92083649B00B686BE /* String-Exensions.swift in Sources */ = {isa = PBXBuildFile; fileRef = CE19A2D82083649B00B686BE /* String-Exensions.swift */; };
		CE1D9991208293BC00931E0A /* TaskatyyTests.swift in Sources */ = {isa = PBXBuildFile; fileRef = CE1D9990208293BC00931E0A /* TaskatyyTests.swift */; };
		CE58DE2F209CDC280087BA6F /* Search.swift in Sources */ = {isa = PBXBuildFile; fileRef = CE58DE2E209CDC280087BA6F /* Search.swift */; };
		CE58DE31209CDC430087BA6F /* SearchWorkItemsResult.swift in Sources */ = {isa = PBXBuildFile; fileRef = CE58DE30209CDC430087BA6F /* SearchWorkItemsResult.swift */; };
		CE7D2EBA20B165E000528F1A /* editVC.swift in Sources */ = {isa = PBXBuildFile; fileRef = CE7D2EB920B165E000528F1A /* editVC.swift */; };
		CE7D2EBD20B178AD00528F1A /* RoundButton.swift in Sources */ = {isa = PBXBuildFile; fileRef = CE7D2EBC20B178AD00528F1A /* RoundButton.swift */; };
		CE7D2EBF20B17BC100528F1A /* RoundTextField.swift in Sources */ = {isa = PBXBuildFile; fileRef = CE7D2EBE20B17BC100528F1A /* RoundTextField.swift */; };
		CE7D2EC720B2C6E400528F1A /* FilterIOSResult.swift in Sources */ = {isa = PBXBuildFile; fileRef = CE7D2EC020B2C6E300528F1A /* FilterIOSResult.swift */; };
		CE7D2EC820B2C6E400528F1A /* Itemuser.swift in Sources */ = {isa = PBXBuildFile; fileRef = CE7D2EC120B2C6E300528F1A /* Itemuser.swift */; };
		CE7D2EC920B2C6E400528F1A /* Filter.swift in Sources */ = {isa = PBXBuildFile; fileRef = CE7D2EC220B2C6E400528F1A /* Filter.swift */; };
		CE7D2ECA20B2C6E400528F1A /* Itemtype.swift in Sources */ = {isa = PBXBuildFile; fileRef = CE7D2EC320B2C6E400528F1A /* Itemtype.swift */; };
		CE7D2ECB20B2C6E400528F1A /* Statu.swift in Sources */ = {isa = PBXBuildFile; fileRef = CE7D2EC420B2C6E400528F1A /* Statu.swift */; };
		CE7D2ECC20B2C6E400528F1A /* ItemProgram.swift in Sources */ = {isa = PBXBuildFile; fileRef = CE7D2EC520B2C6E400528F1A /* ItemProgram.swift */; };
		CE7D2ECD20B2C6E400528F1A /* ItemPriority.swift in Sources */ = {isa = PBXBuildFile; fileRef = CE7D2EC620B2C6E400528F1A /* ItemPriority.swift */; };
		CE7D2ED120B44AC900528F1A /* Assets.xcassets in Resources */ = {isa = PBXBuildFile; fileRef = CE7D2ED020B44AC900528F1A /* Assets.xcassets */; };
		CE7D2ED720B5703300528F1A /* sideMenuVC.swift in Sources */ = {isa = PBXBuildFile; fileRef = CE7D2ED620B5703300528F1A /* sideMenuVC.swift */; };
		CE7D2ED920B5773E00528F1A /* addItemVC.swift in Sources */ = {isa = PBXBuildFile; fileRef = CE7D2ED820B5773E00528F1A /* addItemVC.swift */; };
		CEEB945320949B7B00A0514B /* showResultCell.swift in Sources */ = {isa = PBXBuildFile; fileRef = CEEB945220949B7B00A0514B /* showResultCell.swift */; };
		CEED0066208561330033E663 /* Config.swift in Sources */ = {isa = PBXBuildFile; fileRef = CEED0043208561330033E663 /* Config.swift */; };
		CEED006E208561330033E663 /* LaunchScreen.storyboard in Resources */ = {isa = PBXBuildFile; fileRef = CEED004C208561330033E663 /* LaunchScreen.storyboard */; };
		CEED006F208561330033E663 /* Main.storyboard in Resources */ = {isa = PBXBuildFile; fileRef = CEED004E208561330033E663 /* Main.storyboard */; };
		CEED0071208561330033E663 /* FilterVC.swift in Sources */ = {isa = PBXBuildFile; fileRef = CEED0052208561330033E663 /* FilterVC.swift */; };
		CEED0072208561330033E663 /* LoginVC.swift in Sources */ = {isa = PBXBuildFile; fileRef = CEED0053208561330033E663 /* LoginVC.swift */; };
		CEED007B208561330033E663 /* AppDelegate.swift in Sources */ = {isa = PBXBuildFile; fileRef = CEED005D208561330033E663 /* AppDelegate.swift */; };
		CEED007C208561330033E663 /* helper.swift in Sources */ = {isa = PBXBuildFile; fileRef = CEED005E208561330033E663 /* helper.swift */; };
		CEED007E208561330033E663 /* Info.plist in Resources */ = {isa = PBXBuildFile; fileRef = CEED0060208561330033E663 /* Info.plist */; };
/* End PBXBuildFile section */

/* Begin PBXContainerItemProxy section */
		CE1D998D208293BC00931E0A /* PBXContainerItemProxy */ = {
			isa = PBXContainerItemProxy;
			containerPortal = CE1D9970208293BC00931E0A /* Project object */;
			proxyType = 1;
			remoteGlobalIDString = CE1D9977208293BC00931E0A;
			remoteInfo = Taskatyy;
		};
/* End PBXContainerItemProxy section */

/* Begin PBXFileReference section */
		2A61F72AB5F023278034BB00 /* Pods-TaskatyyTests.debug.xcconfig */ = {isa = PBXFileReference; includeInIndex = 1; lastKnownFileType = text.xcconfig; name = "Pods-TaskatyyTests.debug.xcconfig"; path = "Pods/Target Support Files/Pods-TaskatyyTests/Pods-TaskatyyTests.debug.xcconfig"; sourceTree = "<group>"; };
		6816720B0999926E78F71A53 /* Pods_TaskatyyTests.framework */ = {isa = PBXFileReference; explicitFileType = wrapper.framework; includeInIndex = 0; path = Pods_TaskatyyTests.framework; sourceTree = BUILT_PRODUCTS_DIR; };
		7C8FEEFF0849EE14EC75B1BE /* Pods_Taskatyy.framework */ = {isa = PBXFileReference; explicitFileType = wrapper.framework; includeInIndex = 0; path = Pods_Taskatyy.framework; sourceTree = BUILT_PRODUCTS_DIR; };
		8F73BDB62057786FA72142B7 /* Pods-TaskatyyTests.release.xcconfig */ = {isa = PBXFileReference; includeInIndex = 1; lastKnownFileType = text.xcconfig; name = "Pods-TaskatyyTests.release.xcconfig"; path = "Pods/Target Support Files/Pods-TaskatyyTests/Pods-TaskatyyTests.release.xcconfig"; sourceTree = "<group>"; };
		B7DFE033BF9094FEAC5F4DCD /* Pods-Taskatyy.debug.xcconfig */ = {isa = PBXFileReference; includeInIndex = 1; lastKnownFileType = text.xcconfig; name = "Pods-Taskatyy.debug.xcconfig"; path = "Pods/Target Support Files/Pods-Taskatyy/Pods-Taskatyy.debug.xcconfig"; sourceTree = "<group>"; };
		CAA12F7AFA8CEBA6DC101354 /* Pods-Taskatyy.release.xcconfig */ = {isa = PBXFileReference; includeInIndex = 1; lastKnownFileType = text.xcconfig; name = "Pods-Taskatyy.release.xcconfig"; path = "Pods/Target Support Files/Pods-Taskatyy/Pods-Taskatyy.release.xcconfig"; sourceTree = "<group>"; };
		CE0EA57F20A6122400A05DFC /* Icon.xcassets */ = {isa = PBXFileReference; lastKnownFileType = folder.assetcatalog; path = Icon.xcassets; sourceTree = "<group>"; };
		CE163F81208CA3DA007C01A7 /* ShowResultVC.swift */ = {isa = PBXFileReference; lastKnownFileType = sourcecode.swift; path = ShowResultVC.swift; sourceTree = "<group>"; };
		CE1995AD20B8412600A90B09 /* ItemPriorities.swift */ = {isa = PBXFileReference; fileEncoding = 4; lastKnownFileType = sourcecode.swift; path = ItemPriorities.swift; sourceTree = "<group>"; };
		CE1995AE20B8412600A90B09 /* FilterResultt.swift */ = {isa = PBXFileReference; fileEncoding = 4; lastKnownFileType = sourcecode.swift; path = FilterResultt.swift; sourceTree = "<group>"; };
		CE1995AF20B8412600A90B09 /* ItemPrograms.swift */ = {isa = PBXFileReference; fileEncoding = 4; lastKnownFileType = sourcecode.swift; path = ItemPrograms.swift; sourceTree = "<group>"; };
		CE1995B020B8412600A90B09 /* filterGen.swift */ = {isa = PBXFileReference; fileEncoding = 4; lastKnownFileType = sourcecode.swift; path = filterGen.swift; sourceTree = "<group>"; };
		CE1995B120B8412600A90B09 /* Itemtypee.swift */ = {isa = PBXFileReference; fileEncoding = 4; lastKnownFileType = sourcecode.swift; path = Itemtypee.swift; sourceTree = "<group>"; };
		CE1995B220B8412700A90B09 /* Itemusers.swift */ = {isa = PBXFileReference; fileEncoding = 4; lastKnownFileType = sourcecode.swift; path = Itemusers.swift; sourceTree = "<group>"; };
		CE1995B320B8412700A90B09 /* Status.swift */ = {isa = PBXFileReference; fileEncoding = 4; lastKnownFileType = sourcecode.swift; path = Status.swift; sourceTree = "<group>"; };
		CE19A2D520835DF000B686BE /* API.swift */ = {isa = PBXFileReference; lastKnownFileType = sourcecode.swift; path = API.swift; sourceTree = "<group>"; };
		CE19A2D82083649B00B686BE /* String-Exensions.swift */ = {isa = PBXFileReference; lastKnownFileType = sourcecode.swift; path = "String-Exensions.swift"; sourceTree = "<group>"; };
		CE1D9978208293BC00931E0A /* Taskatyy.app */ = {isa = PBXFileReference; explicitFileType = wrapper.application; includeInIndex = 0; path = Taskatyy.app; sourceTree = BUILT_PRODUCTS_DIR; };
		CE1D998C208293BC00931E0A /* TaskatyyTests.xctest */ = {isa = PBXFileReference; explicitFileType = wrapper.cfbundle; includeInIndex = 0; path = TaskatyyTests.xctest; sourceTree = BUILT_PRODUCTS_DIR; };
		CE1D9990208293BC00931E0A /* TaskatyyTests.swift */ = {isa = PBXFileReference; lastKnownFileType = sourcecode.swift; path = TaskatyyTests.swift; sourceTree = "<group>"; };
		CE1D9992208293BC00931E0A /* Info.plist */ = {isa = PBXFileReference; lastKnownFileType = text.plist.xml; path = Info.plist; sourceTree = "<group>"; };
		CE58DE2E209CDC280087BA6F /* Search.swift */ = {isa = PBXFileReference; fileEncoding = 4; lastKnownFileType = sourcecode.swift; path = Search.swift; sourceTree = "<group>"; };
		CE58DE30209CDC430087BA6F /* SearchWorkItemsResult.swift */ = {isa = PBXFileReference; fileEncoding = 4; lastKnownFileType = sourcecode.swift; path = SearchWorkItemsResult.swift; sourceTree = "<group>"; };
		CE7D2EB920B165E000528F1A /* editVC.swift */ = {isa = PBXFileReference; lastKnownFileType = sourcecode.swift; path = editVC.swift; sourceTree = "<group>"; };
		CE7D2EBC20B178AD00528F1A /* RoundButton.swift */ = {isa = PBXFileReference; lastKnownFileType = sourcecode.swift; path = RoundButton.swift; sourceTree = "<group>"; };
		CE7D2EBE20B17BC100528F1A /* RoundTextField.swift */ = {isa = PBXFileReference; lastKnownFileType = sourcecode.swift; path = RoundTextField.swift; sourceTree = "<group>"; };
		CE7D2EC020B2C6E300528F1A /* FilterIOSResult.swift */ = {isa = PBXFileReference; fileEncoding = 4; lastKnownFileType = sourcecode.swift; path = FilterIOSResult.swift; sourceTree = "<group>"; };
		CE7D2EC120B2C6E300528F1A /* Itemuser.swift */ = {isa = PBXFileReference; fileEncoding = 4; lastKnownFileType = sourcecode.swift; path = Itemuser.swift; sourceTree = "<group>"; };
		CE7D2EC220B2C6E400528F1A /* Filter.swift */ = {isa = PBXFileReference; fileEncoding = 4; lastKnownFileType = sourcecode.swift; path = Filter.swift; sourceTree = "<group>"; };
		CE7D2EC320B2C6E400528F1A /* Itemtype.swift */ = {isa = PBXFileReference; fileEncoding = 4; lastKnownFileType = sourcecode.swift; path = Itemtype.swift; sourceTree = "<group>"; };
		CE7D2EC420B2C6E400528F1A /* Statu.swift */ = {isa = PBXFileReference; fileEncoding = 4; lastKnownFileType = sourcecode.swift; path = Statu.swift; sourceTree = "<group>"; };
		CE7D2EC520B2C6E400528F1A /* ItemProgram.swift */ = {isa = PBXFileReference; fileEncoding = 4; lastKnownFileType = sourcecode.swift; path = ItemProgram.swift; sourceTree = "<group>"; };
		CE7D2EC620B2C6E400528F1A /* ItemPriority.swift */ = {isa = PBXFileReference; fileEncoding = 4; lastKnownFileType = sourcecode.swift; path = ItemPriority.swift; sourceTree = "<group>"; };
		CE7D2ED020B44AC900528F1A /* Assets.xcassets */ = {isa = PBXFileReference; lastKnownFileType = folder.assetcatalog; name = Assets.xcassets; path = "Supporting Files/Assets.xcassets"; sourceTree = "<group>"; };
		CE7D2ED620B5703300528F1A /* sideMenuVC.swift */ = {isa = PBXFileReference; lastKnownFileType = sourcecode.swift; path = sideMenuVC.swift; sourceTree = "<group>"; };
		CE7D2ED820B5773E00528F1A /* addItemVC.swift */ = {isa = PBXFileReference; lastKnownFileType = sourcecode.swift; path = addItemVC.swift; sourceTree = "<group>"; };
		CEEB945220949B7B00A0514B /* showResultCell.swift */ = {isa = PBXFileReference; lastKnownFileType = sourcecode.swift; path = showResultCell.swift; sourceTree = "<group>"; };
		CEED0043208561330033E663 /* Config.swift */ = {isa = PBXFileReference; fileEncoding = 4; lastKnownFileType = sourcecode.swift; path = Config.swift; sourceTree = "<group>"; };
		CEED004D208561330033E663 /* Base */ = {isa = PBXFileReference; lastKnownFileType = file.storyboard; name = Base; path = Base.lproj/LaunchScreen.storyboard; sourceTree = "<group>"; };
		CEED004F208561330033E663 /* Base */ = {isa = PBXFileReference; lastKnownFileType = file.storyboard; name = Base; path = Base.lproj/Main.storyboard; sourceTree = "<group>"; };
		CEED0052208561330033E663 /* FilterVC.swift */ = {isa = PBXFileReference; fileEncoding = 4; lastKnownFileType = sourcecode.swift; path = FilterVC.swift; sourceTree = "<group>"; };
		CEED0053208561330033E663 /* LoginVC.swift */ = {isa = PBXFileReference; fileEncoding = 4; lastKnownFileType = sourcecode.swift; path = LoginVC.swift; sourceTree = "<group>"; };
		CEED005D208561330033E663 /* AppDelegate.swift */ = {isa = PBXFileReference; fileEncoding = 4; lastKnownFileType = sourcecode.swift; path = AppDelegate.swift; sourceTree = "<group>"; };
		CEED005E208561330033E663 /* helper.swift */ = {isa = PBXFileReference; fileEncoding = 4; lastKnownFileType = sourcecode.swift; path = helper.swift; sourceTree = "<group>"; };
		CEED0060208561330033E663 /* Info.plist */ = {isa = PBXFileReference; fileEncoding = 4; lastKnownFileType = text.plist.xml; path = Info.plist; sourceTree = "<group>"; };
/* End PBXFileReference section */

/* Begin PBXFrameworksBuildPhase section */
		CE1D9975208293BC00931E0A /* Frameworks */ = {
			isa = PBXFrameworksBuildPhase;
			buildActionMask = 2147483647;
			files = (
				17CB504EDFEB336DB3B20879 /* Pods_Taskatyy.framework in Frameworks */,
			);
			runOnlyForDeploymentPostprocessing = 0;
		};
		CE1D9989208293BC00931E0A /* Frameworks */ = {
			isa = PBXFrameworksBuildPhase;
			buildActionMask = 2147483647;
			files = (
				3BDCB7A7F848AD6269FF4344 /* Pods_TaskatyyTests.framework in Frameworks */,
			);
			runOnlyForDeploymentPostprocessing = 0;
		};
/* End PBXFrameworksBuildPhase section */

/* Begin PBXGroup section */
		6CBF8A44B57C9C20CCA397DD /* Pods */ = {
			isa = PBXGroup;
			children = (
				B7DFE033BF9094FEAC5F4DCD /* Pods-Taskatyy.debug.xcconfig */,
				CAA12F7AFA8CEBA6DC101354 /* Pods-Taskatyy.release.xcconfig */,
				2A61F72AB5F023278034BB00 /* Pods-TaskatyyTests.debug.xcconfig */,
				8F73BDB62057786FA72142B7 /* Pods-TaskatyyTests.release.xcconfig */,
			);
			name = Pods;
			sourceTree = "<group>";
		};
		83923DDB0537DBB05A6FEAED /* Frameworks */ = {
			isa = PBXGroup;
			children = (
				7C8FEEFF0849EE14EC75B1BE /* Pods_Taskatyy.framework */,
				6816720B0999926E78F71A53 /* Pods_TaskatyyTests.framework */,
			);
			name = Frameworks;
			sourceTree = "<group>";
		};
		CE19958D20B83A4E00A90B09 /* filter */ = {
			isa = PBXGroup;
			children = (
				CE7D2EC020B2C6E300528F1A /* FilterIOSResult.swift */,
				CE7D2EC620B2C6E400528F1A /* ItemPriority.swift */,
				CE7D2EC520B2C6E400528F1A /* ItemProgram.swift */,
				CE7D2EC320B2C6E400528F1A /* Itemtype.swift */,
				CE7D2EC120B2C6E300528F1A /* Itemuser.swift */,
				CE7D2EC220B2C6E400528F1A /* Filter.swift */,
				CE7D2EC420B2C6E400528F1A /* Statu.swift */,
			);
			path = filter;
			sourceTree = "<group>";
		};
		CE19959E20B83EDB00A90B09 /* filterGen */ = {
			isa = PBXGroup;
			children = (
				CE1995B020B8412600A90B09 /* filterGen.swift */,
				CE1995AE20B8412600A90B09 /* FilterResultt.swift */,
				CE1995AD20B8412600A90B09 /* ItemPriorities.swift */,
				CE1995AF20B8412600A90B09 /* ItemPrograms.swift */,
				CE1995B120B8412600A90B09 /* Itemtypee.swift */,
				CE1995B220B8412700A90B09 /* Itemusers.swift */,
				CE1995B320B8412700A90B09 /* Status.swift */,
			);
			path = filterGen;
			sourceTree = "<group>";
		};
		CE19A2D420835D1B00B686BE /* API */ = {
			isa = PBXGroup;
			children = (
				CE19A2D520835DF000B686BE /* API.swift */,
			);
			path = API;
			sourceTree = "<group>";
		};
		CE19A2D72083643D00B686BE /* Exensions */ = {
			isa = PBXGroup;
			children = (
				CE19A2D82083649B00B686BE /* String-Exensions.swift */,
			);
			path = Exensions;
			sourceTree = "<group>";
		};
		CE1D996F208293BC00931E0A = {
			isa = PBXGroup;
			children = (
				CE19A2D72083643D00B686BE /* Exensions */,
				CE19A2D420835D1B00B686BE /* API */,
				CEED003E208561330033E663 /* Taskatyy */,
				CE1D998F208293BC00931E0A /* TaskatyyTests */,
				CE1D9979208293BC00931E0A /* Products */,
				6CBF8A44B57C9C20CCA397DD /* Pods */,
				83923DDB0537DBB05A6FEAED /* Frameworks */,
			);
			sourceTree = "<group>";
		};
		CE1D9979208293BC00931E0A /* Products */ = {
			isa = PBXGroup;
			children = (
				CE1D9978208293BC00931E0A /* Taskatyy.app */,
				CE1D998C208293BC00931E0A /* TaskatyyTests.xctest */,
			);
			name = Products;
			sourceTree = "<group>";
		};
		CE1D998F208293BC00931E0A /* TaskatyyTests */ = {
			isa = PBXGroup;
			children = (
				CE1D9990208293BC00931E0A /* TaskatyyTests.swift */,
				CE1D9992208293BC00931E0A /* Info.plist */,
			);
			path = TaskatyyTests;
			sourceTree = "<group>";
		};
		CE241F69208B712000D8C999 /* Models */ = {
			isa = PBXGroup;
			children = (
			);
			path = Models;
			sourceTree = "<group>";
		};
		CE58DE25209BB8290087BA6F /* show */ = {
			isa = PBXGroup;
			children = (
				CE58DE2E209CDC280087BA6F /* Search.swift */,
				CE58DE30209CDC430087BA6F /* SearchWorkItemsResult.swift */,
			);
			path = show;
			sourceTree = "<group>";
		};
		CE7D2EBB20B1788100528F1A /* Custom Views */ = {
			isa = PBXGroup;
			children = (
				CE7D2EBC20B178AD00528F1A /* RoundButton.swift */,
				CE7D2EBE20B17BC100528F1A /* RoundTextField.swift */,
			);
			path = "Custom Views";
			sourceTree = "<group>";
		};
		CEED003E208561330033E663 /* Taskatyy */ = {
			isa = PBXGroup;
			children = (
				CE241F69208B712000D8C999 /* Models */,
				CEED0051208561330033E663 /* Controller */,
				CE7D2EBB20B1788100528F1A /* Custom Views */,
				CEED0054208561330033E663 /* Supporting Files */,
				CE7D2ED020B44AC900528F1A /* Assets.xcassets */,
				CE0EA57F20A6122400A05DFC /* Icon.xcassets */,
				CEED0043208561330033E663 /* Config.swift */,
				CEED004C208561330033E663 /* LaunchScreen.storyboard */,
				CEED004E208561330033E663 /* Main.storyboard */,
				CEED005D208561330033E663 /* AppDelegate.swift */,
				CEED005E208561330033E663 /* helper.swift */,
				CEED0060208561330033E663 /* Info.plist */,
			);
			path = Taskatyy;
			sourceTree = "<group>";
		};
		CEED0051208561330033E663 /* Controller */ = {
			isa = PBXGroup;
			children = (
				CEED0053208561330033E663 /* LoginVC.swift */,
				CEED0052208561330033E663 /* FilterVC.swift */,
				CE163F81208CA3DA007C01A7 /* ShowResultVC.swift */,
				CEEB945220949B7B00A0514B /* showResultCell.swift */,
				CE7D2EB920B165E000528F1A /* editVC.swift */,
				CE7D2ED620B5703300528F1A /* sideMenuVC.swift */,
				CE7D2ED820B5773E00528F1A /* addItemVC.swift */,
			);
			path = Controller;
			sourceTree = "<group>";
		};
		CEED0054208561330033E663 /* Supporting Files */ = {
			isa = PBXGroup;
			children = (
				CE19958D20B83A4E00A90B09 /* filter */,
				CE58DE25209BB8290087BA6F /* show */,
				CE19959E20B83EDB00A90B09 /* filterGen */,
			);
			path = "Supporting Files";
			sourceTree = "<group>";
		};
/* End PBXGroup section */

/* Begin PBXNativeTarget section */
		CE1D9977208293BC00931E0A /* Taskatyy */ = {
			isa = PBXNativeTarget;
			buildConfigurationList = CE1D9995208293BC00931E0A /* Build configuration list for PBXNativeTarget "Taskatyy" */;
			buildPhases = (
				9EA6CD426A315A68DB7E7547 /* [CP] Check Pods Manifest.lock */,
				CE1D9974208293BC00931E0A /* Sources */,
				CE1D9975208293BC00931E0A /* Frameworks */,
				CE1D9976208293BC00931E0A /* Resources */,
				82986EA5017F7814DA354F5D /* [CP] Embed Pods Frameworks */,
			);
			buildRules = (
			);
			dependencies = (
			);
			name = Taskatyy;
			productName = Taskatyy;
			productReference = CE1D9978208293BC00931E0A /* Taskatyy.app */;
			productType = "com.apple.product-type.application";
		};
		CE1D998B208293BC00931E0A /* TaskatyyTests */ = {
			isa = PBXNativeTarget;
			buildConfigurationList = CE1D9998208293BC00931E0A /* Build configuration list for PBXNativeTarget "TaskatyyTests" */;
			buildPhases = (
				51D4ACEEFA94058719A88CF3 /* [CP] Check Pods Manifest.lock */,
				CE1D9988208293BC00931E0A /* Sources */,
				CE1D9989208293BC00931E0A /* Frameworks */,
				CE1D998A208293BC00931E0A /* Resources */,
			);
			buildRules = (
			);
			dependencies = (
				CE1D998E208293BC00931E0A /* PBXTargetDependency */,
			);
			name = TaskatyyTests;
			productName = TaskatyyTests;
			productReference = CE1D998C208293BC00931E0A /* TaskatyyTests.xctest */;
			productType = "com.apple.product-type.bundle.unit-test";
		};
/* End PBXNativeTarget section */

/* Begin PBXProject section */
		CE1D9970208293BC00931E0A /* Project object */ = {
			isa = PBXProject;
			attributes = {
				LastSwiftUpdateCheck = 0920;
				LastUpgradeCheck = 0920;
				ORGANIZATIONNAME = zoza;
				TargetAttributes = {
					CE1D9977208293BC00931E0A = {
						CreatedOnToolsVersion = 9.2;
					};
					CE1D998B208293BC00931E0A = {
						CreatedOnToolsVersion = 9.2;
						ProvisioningStyle = Automatic;
						TestTargetID = CE1D9977208293BC00931E0A;
					};
				};
			};
			buildConfigurationList = CE1D9973208293BC00931E0A /* Build configuration list for PBXProject "Taskatyy" */;
			compatibilityVersion = "Xcode 9.3";
			developmentRegion = en;
			hasScannedForEncodings = 0;
			knownRegions = (
				en,
				Base,
			);
			mainGroup = CE1D996F208293BC00931E0A;
			productRefGroup = CE1D9979208293BC00931E0A /* Products */;
			projectDirPath = "";
			projectRoot = "";
			targets = (
				CE1D9977208293BC00931E0A /* Taskatyy */,
				CE1D998B208293BC00931E0A /* TaskatyyTests */,
			);
		};
/* End PBXProject section */

/* Begin PBXResourcesBuildPhase section */
		CE1D9976208293BC00931E0A /* Resources */ = {
			isa = PBXResourcesBuildPhase;
			buildActionMask = 2147483647;
			files = (
				CEED006F208561330033E663 /* Main.storyboard in Resources */,
				CEED006E208561330033E663 /* LaunchScreen.storyboard in Resources */,
				CEED007E208561330033E663 /* Info.plist in Resources */,
				CE0EA58020A6122400A05DFC /* Icon.xcassets in Resources */,
				CE7D2ED120B44AC900528F1A /* Assets.xcassets in Resources */,
			);
			runOnlyForDeploymentPostprocessing = 0;
		};
		CE1D998A208293BC00931E0A /* Resources */ = {
			isa = PBXResourcesBuildPhase;
			buildActionMask = 2147483647;
			files = (
			);
			runOnlyForDeploymentPostprocessing = 0;
		};
/* End PBXResourcesBuildPhase section */

/* Begin PBXShellScriptBuildPhase section */
		51D4ACEEFA94058719A88CF3 /* [CP] Check Pods Manifest.lock */ = {
			isa = PBXShellScriptBuildPhase;
			buildActionMask = 2147483647;
			files = (
			);
			inputPaths = (
				"${PODS_PODFILE_DIR_PATH}/Podfile.lock",
				"${PODS_ROOT}/Manifest.lock",
			);
			name = "[CP] Check Pods Manifest.lock";
			outputPaths = (
				"$(DERIVED_FILE_DIR)/Pods-TaskatyyTests-checkManifestLockResult.txt",
			);
			runOnlyForDeploymentPostprocessing = 0;
			shellPath = /bin/sh;
			shellScript = "diff \"${PODS_PODFILE_DIR_PATH}/Podfile.lock\" \"${PODS_ROOT}/Manifest.lock\" > /dev/null\nif [ $? != 0 ] ; then\n    # print error to STDERR\n    echo \"error: The sandbox is not in sync with the Podfile.lock. Run 'pod install' or update your CocoaPods installation.\" >&2\n    exit 1\nfi\n# This output is used by Xcode 'outputs' to avoid re-running this script phase.\necho \"SUCCESS\" > \"${SCRIPT_OUTPUT_FILE_0}\"\n";
			showEnvVarsInLog = 0;
		};
		82986EA5017F7814DA354F5D /* [CP] Embed Pods Frameworks */ = {
			isa = PBXShellScriptBuildPhase;
			buildActionMask = 2147483647;
			files = (
			);
			inputPaths = (
				"${SRCROOT}/Pods/Target Support Files/Pods-Taskatyy/Pods-Taskatyy-frameworks.sh",
				"${BUILT_PRODUCTS_DIR}/Alamofire/Alamofire.framework",
				"${BUILT_PRODUCTS_DIR}/SwiftyJSON/SwiftyJSON.framework",
			);
			name = "[CP] Embed Pods Frameworks";
			outputPaths = (
				"${TARGET_BUILD_DIR}/${FRAMEWORKS_FOLDER_PATH}/Alamofire.framework",
				"${TARGET_BUILD_DIR}/${FRAMEWORKS_FOLDER_PATH}/SwiftyJSON.framework",
			);
			runOnlyForDeploymentPostprocessing = 0;
			shellPath = /bin/sh;
			shellScript = "\"${SRCROOT}/Pods/Target Support Files/Pods-Taskatyy/Pods-Taskatyy-frameworks.sh\"\n";
			showEnvVarsInLog = 0;
		};
		9EA6CD426A315A68DB7E7547 /* [CP] Check Pods Manifest.lock */ = {
			isa = PBXShellScriptBuildPhase;
			buildActionMask = 2147483647;
			files = (
			);
			inputPaths = (
				"${PODS_PODFILE_DIR_PATH}/Podfile.lock",
				"${PODS_ROOT}/Manifest.lock",
			);
			name = "[CP] Check Pods Manifest.lock";
			outputPaths = (
				"$(DERIVED_FILE_DIR)/Pods-Taskatyy-checkManifestLockResult.txt",
			);
			runOnlyForDeploymentPostprocessing = 0;
			shellPath = /bin/sh;
			shellScript = "diff \"${PODS_PODFILE_DIR_PATH}/Podfile.lock\" \"${PODS_ROOT}/Manifest.lock\" > /dev/null\nif [ $? != 0 ] ; then\n    # print error to STDERR\n    echo \"error: The sandbox is not in sync with the Podfile.lock. Run 'pod install' or update your CocoaPods installation.\" >&2\n    exit 1\nfi\n# This output is used by Xcode 'outputs' to avoid re-running this script phase.\necho \"SUCCESS\" > \"${SCRIPT_OUTPUT_FILE_0}\"\n";
			showEnvVarsInLog = 0;
		};
/* End PBXShellScriptBuildPhase section */

/* Begin PBXSourcesBuildPhase section */
		CE1D9974208293BC00931E0A /* Sources */ = {
			isa = PBXSourcesBuildPhase;
			buildActionMask = 2147483647;
			files = (
				CE1995B820B8412700A90B09 /* Itemtypee.swift in Sources */,
				CEED0071208561330033E663 /* FilterVC.swift in Sources */,
				CEED0072208561330033E663 /* LoginVC.swift in Sources */,
				CE19A2D92083649B00B686BE /* String-Exensions.swift in Sources */,
				CE58DE2F209CDC280087BA6F /* Search.swift in Sources */,
				CE7D2ED720B5703300528F1A /* sideMenuVC.swift in Sources */,
				CE1995B620B8412700A90B09 /* ItemPrograms.swift in Sources */,
				CE7D2ECA20B2C6E400528F1A /* Itemtype.swift in Sources */,
				CE7D2EC720B2C6E400528F1A /* FilterIOSResult.swift in Sources */,
				CE7D2ECD20B2C6E400528F1A /* ItemPriority.swift in Sources */,
				CE1995B420B8412700A90B09 /* ItemPriorities.swift in Sources */,
				CE1995BA20B8412700A90B09 /* Status.swift in Sources */,
				CE7D2EBD20B178AD00528F1A /* RoundButton.swift in Sources */,
				CE7D2ECC20B2C6E400528F1A /* ItemProgram.swift in Sources */,
				CE7D2ED920B5773E00528F1A /* addItemVC.swift in Sources */,
				CEED0066208561330033E663 /* Config.swift in Sources */,
				CE7D2EC820B2C6E400528F1A /* Itemuser.swift in Sources */,
				CE1995B520B8412700A90B09 /* FilterResultt.swift in Sources */,
				CE7D2EBF20B17BC100528F1A /* RoundTextField.swift in Sources */,
				CEED007B208561330033E663 /* AppDelegate.swift in Sources */,
				CE1995B720B8412700A90B09 /* filterGen.swift in Sources */,
				CE163F82208CA3DA007C01A7 /* ShowResultVC.swift in Sources */,
				CE1995B920B8412700A90B09 /* Itemusers.swift in Sources */,
				CE7D2EC920B2C6E400528F1A /* Filter.swift in Sources */,
				CE7D2EBA20B165E000528F1A /* editVC.swift in Sources */,
				CEED007C208561330033E663 /* helper.swift in Sources */,
				CE19A2D620835DF000B686BE /* API.swift in Sources */,
				CE7D2ECB20B2C6E400528F1A /* Statu.swift in Sources */,
				CE58DE31209CDC430087BA6F /* SearchWorkItemsResult.swift in Sources */,
				CEEB945320949B7B00A0514B /* showResultCell.swift in Sources */,
			);
			runOnlyForDeploymentPostprocessing = 0;
		};
		CE1D9988208293BC00931E0A /* Sources */ = {
			isa = PBXSourcesBuildPhase;
			buildActionMask = 2147483647;
			files = (
				CE1D9991208293BC00931E0A /* TaskatyyTests.swift in Sources */,
			);
			runOnlyForDeploymentPostprocessing = 0;
		};
/* End PBXSourcesBuildPhase section */

/* Begin PBXTargetDependency section */
		CE1D998E208293BC00931E0A /* PBXTargetDependency */ = {
			isa = PBXTargetDependency;
			target = CE1D9977208293BC00931E0A /* Taskatyy */;
			targetProxy = CE1D998D208293BC00931E0A /* PBXContainerItemProxy */;
		};
/* End PBXTargetDependency section */

/* Begin PBXVariantGroup section */
		CEED004C208561330033E663 /* LaunchScreen.storyboard */ = {
			isa = PBXVariantGroup;
			children = (
				CEED004D208561330033E663 /* Base */,
			);
			name = LaunchScreen.storyboard;
			sourceTree = "<group>";
		};
		CEED004E208561330033E663 /* Main.storyboard */ = {
			isa = PBXVariantGroup;
			children = (
				CEED004F208561330033E663 /* Base */,
			);
			name = Main.storyboard;
			sourceTree = "<group>";
		};
/* End PBXVariantGroup section */

/* Begin XCBuildConfiguration section */
		CE1D9993208293BC00931E0A /* Debug */ = {
			isa = XCBuildConfiguration;
			buildSettings = {
				ALWAYS_SEARCH_USER_PATHS = NO;
				CLANG_ANALYZER_NONNULL = YES;
				CLANG_ANALYZER_NUMBER_OBJECT_CONVERSION = YES_AGGRESSIVE;
				CLANG_CXX_LANGUAGE_STANDARD = "gnu++14";
				CLANG_CXX_LIBRARY = "libc++";
				CLANG_ENABLE_MODULES = YES;
				CLANG_ENABLE_OBJC_ARC = YES;
				CLANG_WARN_BLOCK_CAPTURE_AUTORELEASING = YES;
				CLANG_WARN_BOOL_CONVERSION = YES;
				CLANG_WARN_COMMA = YES;
				CLANG_WARN_CONSTANT_CONVERSION = YES;
				CLANG_WARN_DIRECT_OBJC_ISA_USAGE = YES_ERROR;
				CLANG_WARN_DOCUMENTATION_COMMENTS = YES;
				CLANG_WARN_EMPTY_BODY = YES;
				CLANG_WARN_ENUM_CONVERSION = YES;
				CLANG_WARN_INFINITE_RECURSION = YES;
				CLANG_WARN_INT_CONVERSION = YES;
				CLANG_WARN_NON_LITERAL_NULL_CONVERSION = YES;
				CLANG_WARN_OBJC_LITERAL_CONVERSION = YES;
				CLANG_WARN_OBJC_ROOT_CLASS = YES_ERROR;
				CLANG_WARN_RANGE_LOOP_ANALYSIS = YES;
				CLANG_WARN_STRICT_PROTOTYPES = YES;
				CLANG_WARN_SUSPICIOUS_MOVE = YES;
				CLANG_WARN_UNGUARDED_AVAILABILITY = YES_AGGRESSIVE;
				CLANG_WARN_UNREACHABLE_CODE = YES;
				CLANG_WARN__DUPLICATE_METHOD_MATCH = YES;
				CODE_SIGN_IDENTITY = "iPhone Developer";
				COPY_PHASE_STRIP = NO;
				DEBUG_INFORMATION_FORMAT = dwarf;
				ENABLE_STRICT_OBJC_MSGSEND = YES;
				ENABLE_TESTABILITY = YES;
				GCC_C_LANGUAGE_STANDARD = gnu11;
				GCC_DYNAMIC_NO_PIC = NO;
				GCC_NO_COMMON_BLOCKS = YES;
				GCC_OPTIMIZATION_LEVEL = 0;
				GCC_PREPROCESSOR_DEFINITIONS = (
					"DEBUG=1",
					"$(inherited)",
				);
				GCC_WARN_64_TO_32_BIT_CONVERSION = YES;
				GCC_WARN_ABOUT_RETURN_TYPE = YES_ERROR;
				GCC_WARN_UNDECLARED_SELECTOR = YES;
				GCC_WARN_UNINITIALIZED_AUTOS = YES_AGGRESSIVE;
				GCC_WARN_UNUSED_FUNCTION = YES;
				GCC_WARN_UNUSED_VARIABLE = YES;
				IPHONEOS_DEPLOYMENT_TARGET = 11.2;
				MTL_ENABLE_DEBUG_INFO = YES;
				ONLY_ACTIVE_ARCH = YES;
				SDKROOT = iphoneos;
				SWIFT_ACTIVE_COMPILATION_CONDITIONS = DEBUG;
				SWIFT_COMPILATION_MODE = singlefile;
				SWIFT_OPTIMIZATION_LEVEL = "-Onone";
			};
			name = Debug;
		};
		CE1D9994208293BC00931E0A /* Release */ = {
			isa = XCBuildConfiguration;
			buildSettings = {
				ALWAYS_SEARCH_USER_PATHS = NO;
				CLANG_ANALYZER_NONNULL = YES;
				CLANG_ANALYZER_NUMBER_OBJECT_CONVERSION = YES_AGGRESSIVE;
				CLANG_CXX_LANGUAGE_STANDARD = "gnu++14";
				CLANG_CXX_LIBRARY = "libc++";
				CLANG_ENABLE_MODULES = YES;
				CLANG_ENABLE_OBJC_ARC = YES;
				CLANG_WARN_BLOCK_CAPTURE_AUTORELEASING = YES;
				CLANG_WARN_BOOL_CONVERSION = YES;
				CLANG_WARN_COMMA = YES;
				CLANG_WARN_CONSTANT_CONVERSION = YES;
				CLANG_WARN_DIRECT_OBJC_ISA_USAGE = YES_ERROR;
				CLANG_WARN_DOCUMENTATION_COMMENTS = YES;
				CLANG_WARN_EMPTY_BODY = YES;
				CLANG_WARN_ENUM_CONVERSION = YES;
				CLANG_WARN_INFINITE_RECURSION = YES;
				CLANG_WARN_INT_CONVERSION = YES;
				CLANG_WARN_NON_LITERAL_NULL_CONVERSION = YES;
				CLANG_WARN_OBJC_LITERAL_CONVERSION = YES;
				CLANG_WARN_OBJC_ROOT_CLASS = YES_ERROR;
				CLANG_WARN_RANGE_LOOP_ANALYSIS = YES;
				CLANG_WARN_STRICT_PROTOTYPES = YES;
				CLANG_WARN_SUSPICIOUS_MOVE = YES;
				CLANG_WARN_UNGUARDED_AVAILABILITY = YES_AGGRESSIVE;
				CLANG_WARN_UNREACHABLE_CODE = YES;
				CLANG_WARN__DUPLICATE_METHOD_MATCH = YES;
				CODE_SIGN_IDENTITY = "iPhone Developer";
				COPY_PHASE_STRIP = NO;
				DEBUG_INFORMATION_FORMAT = "dwarf-with-dsym";
				ENABLE_NS_ASSERTIONS = NO;
				ENABLE_STRICT_OBJC_MSGSEND = YES;
				GCC_C_LANGUAGE_STANDARD = gnu11;
				GCC_NO_COMMON_BLOCKS = YES;
				GCC_WARN_64_TO_32_BIT_CONVERSION = YES;
				GCC_WARN_ABOUT_RETURN_TYPE = YES_ERROR;
				GCC_WARN_UNDECLARED_SELECTOR = YES;
				GCC_WARN_UNINITIALIZED_AUTOS = YES_AGGRESSIVE;
				GCC_WARN_UNUSED_FUNCTION = YES;
				GCC_WARN_UNUSED_VARIABLE = YES;
				IPHONEOS_DEPLOYMENT_TARGET = 11.2;
				MTL_ENABLE_DEBUG_INFO = NO;
				SDKROOT = iphoneos;
				SWIFT_COMPILATION_MODE = wholemodule;
				SWIFT_OPTIMIZATION_LEVEL = "-O";
				VALIDATE_PRODUCT = YES;
			};
			name = Release;
		};
		CE1D9996208293BC00931E0A /* Debug */ = {
			isa = XCBuildConfiguration;
			baseConfigurationReference = B7DFE033BF9094FEAC5F4DCD /* Pods-Taskatyy.debug.xcconfig */;
			buildSettings = {
				ASSETCATALOG_COMPILER_APPICON_NAME = AppIcon;
				CODE_SIGN_IDENTITY = "iPhone Developer";
				CODE_SIGN_STYLE = Automatic;
				DEVELOPMENT_TEAM = BN3UYKH9WB;
				INFOPLIST_FILE = Taskatyy/Info.plist;
				IPHONEOS_DEPLOYMENT_TARGET = 10.0;
				LD_RUNPATH_SEARCH_PATHS = (
					"$(inherited)",
					"@executable_path/Frameworks",
				);
				PRODUCT_BUNDLE_IDENTIFIER = com.Orman.Taskaty;
				PRODUCT_NAME = "$(TARGET_NAME)";
				PROVISIONING_PROFILE_SPECIFIER = "";
				SWIFT_VERSION = 4.0;
				TARGETED_DEVICE_FAMILY = "1,2";
			};
			name = Debug;
		};
		CE1D9997208293BC00931E0A /* Release */ = {
			isa = XCBuildConfiguration;
			baseConfigurationReference = CAA12F7AFA8CEBA6DC101354 /* Pods-Taskatyy.release.xcconfig */;
			buildSettings = {
				ASSETCATALOG_COMPILER_APPICON_NAME = AppIcon;
				CODE_SIGN_IDENTITY = "iPhone Distribution";
				CODE_SIGN_STYLE = Automatic;
				DEVELOPMENT_TEAM = BN3UYKH9WB;
				INFOPLIST_FILE = Taskatyy/Info.plist;
				IPHONEOS_DEPLOYMENT_TARGET = 10.0;
				LD_RUNPATH_SEARCH_PATHS = (
					"$(inherited)",
					"@executable_path/Frameworks",
				);
				PRODUCT_BUNDLE_IDENTIFIER = com.Orman.Taskaty;
				PRODUCT_NAME = "$(TARGET_NAME)";
				PROVISIONING_PROFILE_SPECIFIER = "";
				SWIFT_VERSION = 4.0;
				TARGETED_DEVICE_FAMILY = "1,2";
			};
			name = Release;
		};
		CE1D9999208293BC00931E0A /* Debug */ = {
			isa = XCBuildConfiguration;
			baseConfigurationReference = 2A61F72AB5F023278034BB00 /* Pods-TaskatyyTests.debug.xcconfig */;
			buildSettings = {
				ALWAYS_EMBED_SWIFT_STANDARD_LIBRARIES = YES;
				BUNDLE_LOADER = "$(TEST_HOST)";
				CODE_SIGN_IDENTITY = "iPhone Developer";
				CODE_SIGN_STYLE = Automatic;
				DEVELOPMENT_TEAM = 7KZJ9WZKUD;
				INFOPLIST_FILE = TaskatyyTests/Info.plist;
				LD_RUNPATH_SEARCH_PATHS = (
					"$(inherited)",
					"@executable_path/Frameworks",
					"@loader_path/Frameworks",
				);
				PRODUCT_BUNDLE_IDENTIFIER = zzz.TaskatyyTests;
				PRODUCT_NAME = "$(TARGET_NAME)";
				PROVISIONING_PROFILE_SPECIFIER = "";
				SWIFT_VERSION = 4.0;
				TARGETED_DEVICE_FAMILY = "1,2";
				TEST_HOST = "$(BUILT_PRODUCTS_DIR)/Taskatyy.app/Taskatyy";
			};
			name = Debug;
		};
		CE1D999A208293BC00931E0A /* Release */ = {
			isa = XCBuildConfiguration;
			baseConfigurationReference = 8F73BDB62057786FA72142B7 /* Pods-TaskatyyTests.release.xcconfig */;
			buildSettings = {
				ALWAYS_EMBED_SWIFT_STANDARD_LIBRARIES = YES;
				BUNDLE_LOADER = "$(TEST_HOST)";
				CODE_SIGN_IDENTITY = "iPhone Developer";
				CODE_SIGN_STYLE = Automatic;
				DEVELOPMENT_TEAM = 7KZJ9WZKUD;
				INFOPLIST_FILE = TaskatyyTests/Info.plist;
				LD_RUNPATH_SEARCH_PATHS = (
					"$(inherited)",
					"@executable_path/Frameworks",
					"@loader_path/Frameworks",
				);
				PRODUCT_BUNDLE_IDENTIFIER = zzz.TaskatyyTests;
				PRODUCT_NAME = "$(TARGET_NAME)";
				PROVISIONING_PROFILE_SPECIFIER = "";
				SWIFT_VERSION = 4.0;
				TARGETED_DEVICE_FAMILY = "1,2";
				TEST_HOST = "$(BUILT_PRODUCTS_DIR)/Taskatyy.app/Taskatyy";
			};
			name = Release;
		};
/* End XCBuildConfiguration section */

/* Begin XCConfigurationList section */
		CE1D9973208293BC00931E0A /* Build configuration list for PBXProject "Taskatyy" */ = {
			isa = XCConfigurationList;
			buildConfigurations = (
				CE1D9993208293BC00931E0A /* Debug */,
				CE1D9994208293BC00931E0A /* Release */,
			);
			defaultConfigurationIsVisible = 0;
			defaultConfigurationName = Release;
		};
		CE1D9995208293BC00931E0A /* Build configuration list for PBXNativeTarget "Taskatyy" */ = {
			isa = XCConfigurationList;
			buildConfigurations = (
				CE1D9996208293BC00931E0A /* Debug */,
				CE1D9997208293BC00931E0A /* Release */,
			);
			defaultConfigurationIsVisible = 0;
			defaultConfigurationName = Release;
		};
		CE1D9998208293BC00931E0A /* Build configuration list for PBXNativeTarget "TaskatyyTests" */ = {
			isa = XCConfigurationList;
			buildConfigurations = (
				CE1D9999208293BC00931E0A /* Debug */,
				CE1D999A208293BC00931E0A /* Release */,
			);
			defaultConfigurationIsVisible = 0;
			defaultConfigurationName = Release;
		};
/* End XCConfigurationList section */
	};
	rootObject = CE1D9970208293BC00931E0A /* Project object */;
}
